{
  "name": "cryption",
  "version": "1.0.0",
  "lockfileVersion": 1,
  "requires": true,
  "dependencies": {
    "crypto-js": {
      "version": "4.1.1",
      "resolved": "http://artifactory.intra.xiaojukeji.com/artifactory/api/npm/npm/crypto-js/-/crypto-js-4.1.1.tgz?dl=https%3A%2F%2Fregistry.npmmirror.com%2Fcrypto-js%2F-%2Fcrypto-js-4.1.1.tgz",
      "integrity": "sha1-nkhbzwNSEEG9hYRHhrg/t2GXNs8="
    }
  }
}
