{
  "name": "rust",
  "lockfileVersion": 2,
  "requires": true,
  "packages": {
    "": {
      "dependencies": {
        "fnm": "^0.0.0"
      }
    },
    "node_modules/fnm": {
      "version": "0.0.0",
      "resolved": "https://registry.npmjs.org/fnm/-/fnm-0.0.0.tgz",
      "integrity": "sha512-sghtrTBvvL54N7gw11iCL2Y9fS0/kXh/6PuCRHhK7T7wCOsBixu3mrmIlLi+umVnzylpSr8XH2TQtqHb2ij5TA=="
    }
  },
  "dependencies": {
    "fnm": {
      "version": "0.0.0",
      "resolved": "https://registry.npmjs.org/fnm/-/fnm-0.0.0.tgz",
      "integrity": "sha512-sghtrTBvvL54N7gw11iCL2Y9fS0/kXh/6PuCRHhK7T7wCOsBixu3mrmIlLi+umVnzylpSr8XH2TQtqHb2ij5TA=="
    }
  }
}
