{
  "name": "npm",
  "version": "1.0.0",
  "lockfileVersion": 1,
  "requires": true,
  "dependencies": {
    "co": {
      "version": "4.6.0",
      "resolved": "https://registry.npmjs.org/co/-/co-4.6.0.tgz",
      "integrity": "sha1-bqa989hTrlTMuOR7+gvz+QMfsYQ="
    },
    "js-to-java": {
      "version": "2.6.1",
      "resolved": "https://registry.npmjs.org/js-to-java/-/js-to-java-2.6.1.tgz",
      "integrity": "sha512-AZqB9HrphsMdKh6zKUy59jLJraWzZMbqA9ka6TuCgM/hU/m+lL714k8dLdvGPw+o8B5i8nEf2l1vtgEmWsxVbw=="
    }
  }
}
